// !$*UTF8*$!
{
	archiveVersion = 1;
	classes = {
	};
	objectVersion = 50;
	objects = {

/* Begin PBXBuildFile section */
		520B4DFB268DE43600136557 /* MapPrice.m in Sources */ = {isa = PBXBuildFile; fileRef = 520B4DFA268DE43600136557 /* MapPrice.m */; };
		520B4E01268DF83300136557 /* LocationService.m in Sources */ = {isa = PBXBuildFile; fileRef = 520B4E00268DF83300136557 /* LocationService.m */; };
		520B4E0A268DFFA100136557 /* MapViewBuilder.m in Sources */ = {isa = PBXBuildFile; fileRef = 520B4E09268DFFA100136557 /* MapViewBuilder.m */; };
		520B4E0E268DFFB900136557 /* MapViewPresenter.m in Sources */ = {isa = PBXBuildFile; fileRef = 520B4E0D268DFFB900136557 /* MapViewPresenter.m */; };
		520B4E12268DFFD000136557 /* MapView.m in Sources */ = {isa = PBXBuildFile; fileRef = 520B4E11268DFFD000136557 /* MapView.m */; };
		520B4E16268DFFE800136557 /* MapViewController.m in Sources */ = {isa = PBXBuildFile; fileRef = 520B4E15268DFFE800136557 /* MapViewController.m */; };
		520D183326835B520039C63A /* Country.m in Sources */ = {isa = PBXBuildFile; fileRef = 520D183226835B520039C63A /* Country.m */; };
		520D1837268364AA0039C63A /* City.m in Sources */ = {isa = PBXBuildFile; fileRef = 520D1836268364AA0039C63A /* City.m */; };
		520D183B268378E30039C63A /* Airport.m in Sources */ = {isa = PBXBuildFile; fileRef = 520D183A268378E30039C63A /* Airport.m */; };
		520D1844268385F10039C63A /* DataManager.m in Sources */ = {isa = PBXBuildFile; fileRef = 520D1843268385F10039C63A /* DataManager.m */; };
		52297022267FCB76002B2765 /* PlaceView.m in Sources */ = {isa = PBXBuildFile; fileRef = 52297021267FCB76002B2765 /* PlaceView.m */; };
		52297029267FCBD8002B2765 /* PlaceViewController.m in Sources */ = {isa = PBXBuildFile; fileRef = 52297028267FCBD8002B2765 /* PlaceViewController.m */; };
		52384333267F396400216B81 /* AppDelegate.m in Sources */ = {isa = PBXBuildFile; fileRef = 52384332267F396400216B81 /* AppDelegate.m */; };
		52384336267F396400216B81 /* SceneDelegate.m in Sources */ = {isa = PBXBuildFile; fileRef = 52384335267F396400216B81 /* SceneDelegate.m */; };
		52384339267F396400216B81 /* MainViewController.m in Sources */ = {isa = PBXBuildFile; fileRef = 52384338267F396400216B81 /* MainViewController.m */; };
		5238433E267F396500216B81 /* Assets.xcassets in Resources */ = {isa = PBXBuildFile; fileRef = 5238433D267F396500216B81 /* Assets.xcassets */; };
		52384341267F396500216B81 /* LaunchScreen.storyboard in Resources */ = {isa = PBXBuildFile; fileRef = 5238433F267F396500216B81 /* LaunchScreen.storyboard */; };
		52384344267F396500216B81 /* main.m in Sources */ = {isa = PBXBuildFile; fileRef = 52384343267F396500216B81 /* main.m */; };
		5238435D267F7EAB00216B81 /* AppStartManager.m in Sources */ = {isa = PBXBuildFile; fileRef = 5238435C267F7EAB00216B81 /* AppStartManager.m */; };
		523D1D852688F67500C40B90 /* APIManager.m in Sources */ = {isa = PBXBuildFile; fileRef = 523D1D842688F67500C40B90 /* APIManager.m */; };
		5242AEF62681042C000458F9 /* MainViewPresenter.m in Sources */ = {isa = PBXBuildFile; fileRef = 5242AEF52681042C000458F9 /* MainViewPresenter.m */; };
		5242AEFB2681193C000458F9 /* MainViewBuilder.m in Sources */ = {isa = PBXBuildFile; fileRef = 5242AEFA2681193C000458F9 /* MainViewBuilder.m */; };
		5242AEFF26812689000458F9 /* PlaceViewBuilder.m in Sources */ = {isa = PBXBuildFile; fileRef = 5242AEFE26812689000458F9 /* PlaceViewBuilder.m */; };
		5242AF042681271A000458F9 /* PlaceViewPresenter.m in Sources */ = {isa = PBXBuildFile; fileRef = 5242AF032681271A000458F9 /* PlaceViewPresenter.m */; };
		525F73B52686225200018826 /* PlaceTableViewCell.m in Sources */ = {isa = PBXBuildFile; fileRef = 525F73B42686225200018826 /* PlaceTableViewCell.m */; };
		525F73BC2686270600018826 /* PlaceCellModelFactory.m in Sources */ = {isa = PBXBuildFile; fileRef = 525F73BB2686270600018826 /* PlaceCellModelFactory.m */; };
		52654E57268A6A3D00017DB3 /* TicketViewPresenter.m in Sources */ = {isa = PBXBuildFile; fileRef = 52654E56268A6A3D00017DB3 /* TicketViewPresenter.m */; };
		52654E5B268A6A5A00017DB3 /* TicketViewBuilder.m in Sources */ = {isa = PBXBuildFile; fileRef = 52654E5A268A6A5A00017DB3 /* TicketViewBuilder.m */; };
		52654E60268A6B1D00017DB3 /* TicketTableViewCell.m in Sources */ = {isa = PBXBuildFile; fileRef = 52654E5F268A6B1D00017DB3 /* TicketTableViewCell.m */; };
		52654E68268A6C0900017DB3 /* TicketTableViewController.m in Sources */ = {isa = PBXBuildFile; fileRef = 52654E67268A6C0900017DB3 /* TicketTableViewController.m */; };
		52654E6D268A73DD00017DB3 /* Ticket.m in Sources */ = {isa = PBXBuildFile; fileRef = 52654E6C268A73DD00017DB3 /* Ticket.m */; };
		526681AF268B10FE00EF20AD /* TicketCellModelFactory.m in Sources */ = {isa = PBXBuildFile; fileRef = 526681AE268B10FE00EF20AD /* TicketCellModelFactory.m */; };
		526681B4268B572500EF20AD /* ImageDownloader.m in Sources */ = {isa = PBXBuildFile; fileRef = 526681B3268B572500EF20AD /* ImageDownloader.m */; };
		52B21972267FAB83005EB7A1 /* MainView.m in Sources */ = {isa = PBXBuildFile; fileRef = 52B21971267FAB83005EB7A1 /* MainView.m */; };
		52EBDD072684CD9E00C426BD /* cities.json in Resources */ = {isa = PBXBuildFile; fileRef = 52EBDD042684CD9D00C426BD /* cities.json */; };
		52EBDD082684CD9E00C426BD /* airports.json in Resources */ = {isa = PBXBuildFile; fileRef = 52EBDD052684CD9E00C426BD /* airports.json */; };
		52EBDD092684CD9E00C426BD /* countries.json in Resources */ = {isa = PBXBuildFile; fileRef = 52EBDD062684CD9E00C426BD /* countries.json */; };
/* End PBXBuildFile section */

/* Begin PBXFileReference section */
		520B4DF9268DE43600136557 /* MapPrice.h */ = {isa = PBXFileReference; lastKnownFileType = sourcecode.c.h; path = MapPrice.h; sourceTree = "<group>"; };
		520B4DFA268DE43600136557 /* MapPrice.m */ = {isa = PBXFileReference; lastKnownFileType = sourcecode.c.objc; path = MapPrice.m; sourceTree = "<group>"; };
		520B4DFF268DF83300136557 /* LocationService.h */ = {isa = PBXFileReference; lastKnownFileType = sourcecode.c.h; path = LocationService.h; sourceTree = "<group>"; };
		520B4E00268DF83300136557 /* LocationService.m */ = {isa = PBXFileReference; lastKnownFileType = sourcecode.c.objc; path = LocationService.m; sourceTree = "<group>"; };
		520B4E08268DFFA100136557 /* MapViewBuilder.h */ = {isa = PBXFileReference; lastKnownFileType = sourcecode.c.h; path = MapViewBuilder.h; sourceTree = "<group>"; };
		520B4E09268DFFA100136557 /* MapViewBuilder.m */ = {isa = PBXFileReference; lastKnownFileType = sourcecode.c.objc; path = MapViewBuilder.m; sourceTree = "<group>"; };
		520B4E0C268DFFB900136557 /* MapViewPresenter.h */ = {isa = PBXFileReference; lastKnownFileType = sourcecode.c.h; path = MapViewPresenter.h; sourceTree = "<group>"; };
		520B4E0D268DFFB900136557 /* MapViewPresenter.m */ = {isa = PBXFileReference; lastKnownFileType = sourcecode.c.objc; path = MapViewPresenter.m; sourceTree = "<group>"; };
		520B4E10268DFFD000136557 /* MapView.h */ = {isa = PBXFileReference; lastKnownFileType = sourcecode.c.h; path = MapView.h; sourceTree = "<group>"; };
		520B4E11268DFFD000136557 /* MapView.m */ = {isa = PBXFileReference; lastKnownFileType = sourcecode.c.objc; path = MapView.m; sourceTree = "<group>"; };
		520B4E14268DFFE800136557 /* MapViewController.h */ = {isa = PBXFileReference; lastKnownFileType = sourcecode.c.h; path = MapViewController.h; sourceTree = "<group>"; };
		520B4E15268DFFE800136557 /* MapViewController.m */ = {isa = PBXFileReference; lastKnownFileType = sourcecode.c.objc; path = MapViewController.m; sourceTree = "<group>"; };
		520D183126835B520039C63A /* Country.h */ = {isa = PBXFileReference; lastKnownFileType = sourcecode.c.h; path = Country.h; sourceTree = "<group>"; };
		520D183226835B520039C63A /* Country.m */ = {isa = PBXFileReference; lastKnownFileType = sourcecode.c.objc; path = Country.m; sourceTree = "<group>"; };
		520D1835268364AA0039C63A /* City.h */ = {isa = PBXFileReference; lastKnownFileType = sourcecode.c.h; path = City.h; sourceTree = "<group>"; };
		520D1836268364AA0039C63A /* City.m */ = {isa = PBXFileReference; lastKnownFileType = sourcecode.c.objc; path = City.m; sourceTree = "<group>"; };
		520D1839268378E30039C63A /* Airport.h */ = {isa = PBXFileReference; lastKnownFileType = sourcecode.c.h; path = Airport.h; sourceTree = "<group>"; };
		520D183A268378E30039C63A /* Airport.m */ = {isa = PBXFileReference; lastKnownFileType = sourcecode.c.objc; path = Airport.m; sourceTree = "<group>"; };
		520D1842268385F10039C63A /* DataManager.h */ = {isa = PBXFileReference; lastKnownFileType = sourcecode.c.h; path = DataManager.h; sourceTree = "<group>"; };
		520D1843268385F10039C63A /* DataManager.m */ = {isa = PBXFileReference; lastKnownFileType = sourcecode.c.objc; path = DataManager.m; sourceTree = "<group>"; };
		52297020267FCB76002B2765 /* PlaceView.h */ = {isa = PBXFileReference; lastKnownFileType = sourcecode.c.h; path = PlaceView.h; sourceTree = "<group>"; };
		52297021267FCB76002B2765 /* PlaceView.m */ = {isa = PBXFileReference; lastKnownFileType = sourcecode.c.objc; path = PlaceView.m; sourceTree = "<group>"; };
		52297027267FCBD8002B2765 /* PlaceViewController.h */ = {isa = PBXFileReference; lastKnownFileType = sourcecode.c.h; path = PlaceViewController.h; sourceTree = "<group>"; };
		52297028267FCBD8002B2765 /* PlaceViewController.m */ = {isa = PBXFileReference; lastKnownFileType = sourcecode.c.objc; path = PlaceViewController.m; sourceTree = "<group>"; };
		5238432E267F396400216B81 /* ticketSearch.app */ = {isa = PBXFileReference; explicitFileType = wrapper.application; includeInIndex = 0; path = ticketSearch.app; sourceTree = BUILT_PRODUCTS_DIR; };
		52384331267F396400216B81 /* AppDelegate.h */ = {isa = PBXFileReference; lastKnownFileType = sourcecode.c.h; path = AppDelegate.h; sourceTree = "<group>"; };
		52384332267F396400216B81 /* AppDelegate.m */ = {isa = PBXFileReference; lastKnownFileType = sourcecode.c.objc; path = AppDelegate.m; sourceTree = "<group>"; };
		52384334267F396400216B81 /* SceneDelegate.h */ = {isa = PBXFileReference; lastKnownFileType = sourcecode.c.h; path = SceneDelegate.h; sourceTree = "<group>"; };
		52384335267F396400216B81 /* SceneDelegate.m */ = {isa = PBXFileReference; lastKnownFileType = sourcecode.c.objc; path = SceneDelegate.m; sourceTree = "<group>"; };
		52384337267F396400216B81 /* MainViewController.h */ = {isa = PBXFileReference; lastKnownFileType = sourcecode.c.h; path = MainViewController.h; sourceTree = "<group>"; };
		52384338267F396400216B81 /* MainViewController.m */ = {isa = PBXFileReference; lastKnownFileType = sourcecode.c.objc; path = MainViewController.m; sourceTree = "<group>"; };
		5238433D267F396500216B81 /* Assets.xcassets */ = {isa = PBXFileReference; lastKnownFileType = folder.assetcatalog; path = Assets.xcassets; sourceTree = "<group>"; };
		52384340267F396500216B81 /* Base */ = {isa = PBXFileReference; lastKnownFileType = file.storyboard; name = Base; path = Base.lproj/LaunchScreen.storyboard; sourceTree = "<group>"; };
		52384342267F396500216B81 /* Info.plist */ = {isa = PBXFileReference; lastKnownFileType = text.plist.xml; path = Info.plist; sourceTree = "<group>"; };
		52384343267F396500216B81 /* main.m */ = {isa = PBXFileReference; lastKnownFileType = sourcecode.c.objc; path = main.m; sourceTree = "<group>"; };
		5238435B267F7EAB00216B81 /* AppStartManager.h */ = {isa = PBXFileReference; lastKnownFileType = sourcecode.c.h; path = AppStartManager.h; sourceTree = "<group>"; };
		5238435C267F7EAB00216B81 /* AppStartManager.m */ = {isa = PBXFileReference; lastKnownFileType = sourcecode.c.objc; path = AppStartManager.m; sourceTree = "<group>"; };
		523D1D802688F52D00C40B90 /* SearchRequest.h */ = {isa = PBXFileReference; lastKnownFileType = sourcecode.c.h; path = SearchRequest.h; sourceTree = "<group>"; };
		523D1D832688F67500C40B90 /* APIManager.h */ = {isa = PBXFileReference; lastKnownFileType = sourcecode.c.h; path = APIManager.h; sourceTree = "<group>"; };
		523D1D842688F67500C40B90 /* APIManager.m */ = {isa = PBXFileReference; lastKnownFileType = sourcecode.c.objc; path = APIManager.m; sourceTree = "<group>"; };
		5242AEF42681042C000458F9 /* MainViewPresenter.h */ = {isa = PBXFileReference; lastKnownFileType = sourcecode.c.h; path = MainViewPresenter.h; sourceTree = "<group>"; };
		5242AEF52681042C000458F9 /* MainViewPresenter.m */ = {isa = PBXFileReference; lastKnownFileType = sourcecode.c.objc; path = MainViewPresenter.m; sourceTree = "<group>"; };
		5242AEF92681193C000458F9 /* MainViewBuilder.h */ = {isa = PBXFileReference; lastKnownFileType = sourcecode.c.h; path = MainViewBuilder.h; sourceTree = "<group>"; };
		5242AEFA2681193C000458F9 /* MainViewBuilder.m */ = {isa = PBXFileReference; lastKnownFileType = sourcecode.c.objc; path = MainViewBuilder.m; sourceTree = "<group>"; };
		5242AEFD26812689000458F9 /* PlaceViewBuilder.h */ = {isa = PBXFileReference; lastKnownFileType = sourcecode.c.h; path = PlaceViewBuilder.h; sourceTree = "<group>"; };
		5242AEFE26812689000458F9 /* PlaceViewBuilder.m */ = {isa = PBXFileReference; lastKnownFileType = sourcecode.c.objc; path = PlaceViewBuilder.m; sourceTree = "<group>"; };
		5242AF022681271A000458F9 /* PlaceViewPresenter.h */ = {isa = PBXFileReference; lastKnownFileType = sourcecode.c.h; path = PlaceViewPresenter.h; sourceTree = "<group>"; };
		5242AF032681271A000458F9 /* PlaceViewPresenter.m */ = {isa = PBXFileReference; lastKnownFileType = sourcecode.c.objc; path = PlaceViewPresenter.m; sourceTree = "<group>"; };
		525F73AF26861BA800018826 /* PlaceType.h */ = {isa = PBXFileReference; lastKnownFileType = sourcecode.c.h; path = PlaceType.h; sourceTree = "<group>"; };
		525F73B126861DF600018826 /* DataSourceType.h */ = {isa = PBXFileReference; lastKnownFileType = sourcecode.c.h; path = DataSourceType.h; sourceTree = "<group>"; };
		525F73B32686225200018826 /* PlaceTableViewCell.h */ = {isa = PBXFileReference; lastKnownFileType = sourcecode.c.h; path = PlaceTableViewCell.h; sourceTree = "<group>"; };
		525F73B42686225200018826 /* PlaceTableViewCell.m */ = {isa = PBXFileReference; lastKnownFileType = sourcecode.c.objc; path = PlaceTableViewCell.m; sourceTree = "<group>"; };
		525F73BA2686270600018826 /* PlaceCellModelFactory.h */ = {isa = PBXFileReference; lastKnownFileType = sourcecode.c.h; path = PlaceCellModelFactory.h; sourceTree = "<group>"; };
		525F73BB2686270600018826 /* PlaceCellModelFactory.m */ = {isa = PBXFileReference; lastKnownFileType = sourcecode.c.objc; path = PlaceCellModelFactory.m; sourceTree = "<group>"; };
		52654E55268A6A3D00017DB3 /* TicketViewPresenter.h */ = {isa = PBXFileReference; lastKnownFileType = sourcecode.c.h; path = TicketViewPresenter.h; sourceTree = "<group>"; };
		52654E56268A6A3D00017DB3 /* TicketViewPresenter.m */ = {isa = PBXFileReference; lastKnownFileType = sourcecode.c.objc; path = TicketViewPresenter.m; sourceTree = "<group>"; };
		52654E59268A6A5A00017DB3 /* TicketViewBuilder.h */ = {isa = PBXFileReference; lastKnownFileType = sourcecode.c.h; path = TicketViewBuilder.h; sourceTree = "<group>"; };
		52654E5A268A6A5A00017DB3 /* TicketViewBuilder.m */ = {isa = PBXFileReference; lastKnownFileType = sourcecode.c.objc; path = TicketViewBuilder.m; sourceTree = "<group>"; };
		52654E5E268A6B1D00017DB3 /* TicketTableViewCell.h */ = {isa = PBXFileReference; lastKnownFileType = sourcecode.c.h; path = TicketTableViewCell.h; sourceTree = "<group>"; };
		52654E5F268A6B1D00017DB3 /* TicketTableViewCell.m */ = {isa = PBXFileReference; lastKnownFileType = sourcecode.c.objc; path = TicketTableViewCell.m; sourceTree = "<group>"; };
		52654E66268A6C0900017DB3 /* TicketTableViewController.h */ = {isa = PBXFileReference; lastKnownFileType = sourcecode.c.h; path = TicketTableViewController.h; sourceTree = "<group>"; };
		52654E67268A6C0900017DB3 /* TicketTableViewController.m */ = {isa = PBXFileReference; lastKnownFileType = sourcecode.c.objc; path = TicketTableViewController.m; sourceTree = "<group>"; };
		52654E6B268A73DD00017DB3 /* Ticket.h */ = {isa = PBXFileReference; lastKnownFileType = sourcecode.c.h; path = Ticket.h; sourceTree = "<group>"; };
		52654E6C268A73DD00017DB3 /* Ticket.m */ = {isa = PBXFileReference; lastKnownFileType = sourcecode.c.objc; path = Ticket.m; sourceTree = "<group>"; };
		526681AD268B10FE00EF20AD /* TicketCellModelFactory.h */ = {isa = PBXFileReference; lastKnownFileType = sourcecode.c.h; path = TicketCellModelFactory.h; sourceTree = "<group>"; };
		526681AE268B10FE00EF20AD /* TicketCellModelFactory.m */ = {isa = PBXFileReference; lastKnownFileType = sourcecode.c.objc; path = TicketCellModelFactory.m; sourceTree = "<group>"; };
		526681B2268B572500EF20AD /* ImageDownloader.h */ = {isa = PBXFileReference; lastKnownFileType = sourcecode.c.h; path = ImageDownloader.h; sourceTree = "<group>"; };
		526681B3268B572500EF20AD /* ImageDownloader.m */ = {isa = PBXFileReference; lastKnownFileType = sourcecode.c.objc; path = ImageDownloader.m; sourceTree = "<group>"; };
		52B21970267FAB83005EB7A1 /* MainView.h */ = {isa = PBXFileReference; lastKnownFileType = sourcecode.c.h; path = MainView.h; sourceTree = "<group>"; };
		52B21971267FAB83005EB7A1 /* MainView.m */ = {isa = PBXFileReference; lastKnownFileType = sourcecode.c.objc; path = MainView.m; sourceTree = "<group>"; };
		52EBDD042684CD9D00C426BD /* cities.json */ = {isa = PBXFileReference; fileEncoding = 4; lastKnownFileType = text.json; path = cities.json; sourceTree = "<group>"; };
		52EBDD052684CD9E00C426BD /* airports.json */ = {isa = PBXFileReference; fileEncoding = 4; lastKnownFileType = text.json; path = airports.json; sourceTree = "<group>"; };
		52EBDD062684CD9E00C426BD /* countries.json */ = {isa = PBXFileReference; fileEncoding = 4; lastKnownFileType = text.json; path = countries.json; sourceTree = "<group>"; };
/* End PBXFileReference section */

/* Begin PBXFrameworksBuildPhase section */
		5238432B267F396400216B81 /* Frameworks */ = {
			isa = PBXFrameworksBuildPhase;
			buildActionMask = 2147483647;
			files = (
			);
			runOnlyForDeploymentPostprocessing = 0;
		};
/* End PBXFrameworksBuildPhase section */

/* Begin PBXGroup section */
		520B4DF8268DE41B00136557 /* MapPrice */ = {
			isa = PBXGroup;
			children = (
				520B4DF9268DE43600136557 /* MapPrice.h */,
				520B4DFA268DE43600136557 /* MapPrice.m */,
			);
			path = MapPrice;
			sourceTree = "<group>";
		};
		520B4DFD268DF74900136557 /* LocationService */ = {
			isa = PBXGroup;
			children = (
				520B4DFF268DF83300136557 /* LocationService.h */,
				520B4E00268DF83300136557 /* LocationService.m */,
			);
			path = LocationService;
			sourceTree = "<group>";
		};
		520B4E03268DFECF00136557 /* MapScreen */ = {
			isa = PBXGroup;
			children = (
				520B4E04268DFEF900136557 /* Builder */,
				520B4E07268DFF6800136557 /* Presenter */,
				520B4E05268DFEFF00136557 /* View */,
			);
			path = MapScreen;
			sourceTree = "<group>";
		};
		520B4E04268DFEF900136557 /* Builder */ = {
			isa = PBXGroup;
			children = (
				520B4E08268DFFA100136557 /* MapViewBuilder.h */,
				520B4E09268DFFA100136557 /* MapViewBuilder.m */,
			);
			path = Builder;
			sourceTree = "<group>";
		};
		520B4E05268DFEFF00136557 /* View */ = {
			isa = PBXGroup;
			children = (
				520B4E06268DFF1000136557 /* Controller */,
				520B4E10268DFFD000136557 /* MapView.h */,
				520B4E11268DFFD000136557 /* MapView.m */,
			);
			path = View;
			sourceTree = "<group>";
		};
		520B4E06268DFF1000136557 /* Controller */ = {
			isa = PBXGroup;
			children = (
				520B4E14268DFFE800136557 /* MapViewController.h */,
				520B4E15268DFFE800136557 /* MapViewController.m */,
			);
			path = Controller;
			sourceTree = "<group>";
		};
		520B4E07268DFF6800136557 /* Presenter */ = {
			isa = PBXGroup;
			children = (
				520B4E0C268DFFB900136557 /* MapViewPresenter.h */,
				520B4E0D268DFFB900136557 /* MapViewPresenter.m */,
			);
			path = Presenter;
			sourceTree = "<group>";
		};
		520D182D26835A630039C63A /* Model */ = {
			isa = PBXGroup;
			children = (
				520D183026835AD90039C63A /* Entities */,
				520D182F26835A990039C63A /* Services */,
				525F73AF26861BA800018826 /* PlaceType.h */,
				525F73B126861DF600018826 /* DataSourceType.h */,
				523D1D802688F52D00C40B90 /* SearchRequest.h */,
			);
			path = Model;
			sourceTree = "<group>";
		};
		520D182E26835A860039C63A /* DataManager */ = {
			isa = PBXGroup;
			children = (
				520D1842268385F10039C63A /* DataManager.h */,
				520D1843268385F10039C63A /* DataManager.m */,
			);
			path = DataManager;
			sourceTree = "<group>";
		};
		520D182F26835A990039C63A /* Services */ = {
			isa = PBXGroup;
			children = (
				520B4DFD268DF74900136557 /* LocationService */,
				526681B1268B570D00EF20AD /* ImageDownloader */,
				523D1D822688F64200C40B90 /* APIManager */,
				520D182E26835A860039C63A /* DataManager */,
			);
			path = Services;
			sourceTree = "<group>";
		};
		520D183026835AD90039C63A /* Entities */ = {
			isa = PBXGroup;
			children = (
				520B4DF8268DE41B00136557 /* MapPrice */,
				52654E6A268A73C100017DB3 /* Ticket */,
				520D183D268385A60039C63A /* Country */,
				520D183E268385BB0039C63A /* City */,
				520D1840268385C60039C63A /* Airport */,
			);
			path = Entities;
			sourceTree = "<group>";
		};
		520D183D268385A60039C63A /* Country */ = {
			isa = PBXGroup;
			children = (
				520D183126835B520039C63A /* Country.h */,
				520D183226835B520039C63A /* Country.m */,
			);
			path = Country;
			sourceTree = "<group>";
		};
		520D183E268385BB0039C63A /* City */ = {
			isa = PBXGroup;
			children = (
				520D1835268364AA0039C63A /* City.h */,
				520D1836268364AA0039C63A /* City.m */,
			);
			path = City;
			sourceTree = "<group>";
		};
		520D1840268385C60039C63A /* Airport */ = {
			isa = PBXGroup;
			children = (
				520D1839268378E30039C63A /* Airport.h */,
				520D183A268378E30039C63A /* Airport.m */,
			);
			path = Airport;
			sourceTree = "<group>";
		};
		52297024267FCB7D002B2765 /* View */ = {
			isa = PBXGroup;
			children = (
				5229702C267FCBDE002B2765 /* Controller */,
				52297020267FCB76002B2765 /* PlaceView.h */,
				52297021267FCB76002B2765 /* PlaceView.m */,
				525F73B82686229600018826 /* Cell */,
			);
			path = View;
			sourceTree = "<group>";
		};
		52297025267FCB8F002B2765 /* PlaceScreen */ = {
			isa = PBXGroup;
			children = (
				5242AEF22680D89D000458F9 /* Builder */,
				5242AF01268126F6000458F9 /* Presenter */,
				52297024267FCB7D002B2765 /* View */,
			);
			path = PlaceScreen;
			sourceTree = "<group>";
		};
		5229702C267FCBDE002B2765 /* Controller */ = {
			isa = PBXGroup;
			children = (
				525F73BE2686303D00018826 /* Factory */,
				52297027267FCBD8002B2765 /* PlaceViewController.h */,
				52297028267FCBD8002B2765 /* PlaceViewController.m */,
			);
			path = Controller;
			sourceTree = "<group>";
		};
		52384325267F396400216B81 = {
			isa = PBXGroup;
			children = (
				52384330267F396400216B81 /* ticketSearch */,
				5238432F267F396400216B81 /* Products */,
			);
			sourceTree = "<group>";
		};
		5238432F267F396400216B81 /* Products */ = {
			isa = PBXGroup;
			children = (
				5238432E267F396400216B81 /* ticketSearch.app */,
			);
			name = Products;
			sourceTree = "<group>";
		};
		52384330267F396400216B81 /* ticketSearch */ = {
			isa = PBXGroup;
			children = (
				5238434B267F5A4F00216B81 /* Core */,
				52384350267F5C9400216B81 /* Resources */,
				520D182D26835A630039C63A /* Model */,
				5238434D267F5A9500216B81 /* MainScreen */,
				52297025267FCB8F002B2765 /* PlaceScreen */,
				52654E48268A61EF00017DB3 /* TicketScreen */,
				520B4E03268DFECF00136557 /* MapScreen */,
			);
			path = ticketSearch;
			sourceTree = "<group>";
		};
		5238434B267F5A4F00216B81 /* Core */ = {
			isa = PBXGroup;
			children = (
				5238433F267F396500216B81 /* LaunchScreen.storyboard */,
				52384342267F396500216B81 /* Info.plist */,
				52384357267F6CAB00216B81 /* App */,
			);
			path = Core;
			sourceTree = "<group>";
		};
		5238434D267F5A9500216B81 /* MainScreen */ = {
			isa = PBXGroup;
			children = (
				52B21974267FABBC005EB7A1 /* Builder */,
				5242AEF32680D8A9000458F9 /* Presenter */,
				52B21975267FB87C005EB7A1 /* View */,
			);
			path = MainScreen;
			sourceTree = "<group>";
		};
		52384350267F5C9400216B81 /* Resources */ = {
			isa = PBXGroup;
			children = (
				52EBDD032684CD6300C426BD /* JSON */,
				5238433D267F396500216B81 /* Assets.xcassets */,
			);
			path = Resources;
			sourceTree = "<group>";
		};
		52384357267F6CAB00216B81 /* App */ = {
			isa = PBXGroup;
			children = (
				5238435A267F7E8900216B81 /* AppStartManager */,
				52384343267F396500216B81 /* main.m */,
				52384331267F396400216B81 /* AppDelegate.h */,
				52384332267F396400216B81 /* AppDelegate.m */,
				52384334267F396400216B81 /* SceneDelegate.h */,
				52384335267F396400216B81 /* SceneDelegate.m */,
			);
			path = App;
			sourceTree = "<group>";
		};
		5238435A267F7E8900216B81 /* AppStartManager */ = {
			isa = PBXGroup;
			children = (
				5238435B267F7EAB00216B81 /* AppStartManager.h */,
				5238435C267F7EAB00216B81 /* AppStartManager.m */,
			);
			path = AppStartManager;
			sourceTree = "<group>";
		};
		523D1D822688F64200C40B90 /* APIManager */ = {
			isa = PBXGroup;
			children = (
				523D1D832688F67500C40B90 /* APIManager.h */,
				523D1D842688F67500C40B90 /* APIManager.m */,
			);
			path = APIManager;
			sourceTree = "<group>";
		};
		5242AEF22680D89D000458F9 /* Builder */ = {
			isa = PBXGroup;
			children = (
				5242AEFD26812689000458F9 /* PlaceViewBuilder.h */,
				5242AEFE26812689000458F9 /* PlaceViewBuilder.m */,
			);
			path = Builder;
			sourceTree = "<group>";
		};
		5242AEF32680D8A9000458F9 /* Presenter */ = {
			isa = PBXGroup;
			children = (
				5242AEF42681042C000458F9 /* MainViewPresenter.h */,
				5242AEF52681042C000458F9 /* MainViewPresenter.m */,
			);
			path = Presenter;
			sourceTree = "<group>";
		};
		5242AF01268126F6000458F9 /* Presenter */ = {
			isa = PBXGroup;
			children = (
				5242AF022681271A000458F9 /* PlaceViewPresenter.h */,
				5242AF032681271A000458F9 /* PlaceViewPresenter.m */,
			);
			path = Presenter;
			sourceTree = "<group>";
		};
		525F73B82686229600018826 /* Cell */ = {
			isa = PBXGroup;
			children = (
				525F73B32686225200018826 /* PlaceTableViewCell.h */,
				525F73B42686225200018826 /* PlaceTableViewCell.m */,
			);
			path = Cell;
			sourceTree = "<group>";
		};
		525F73BE2686303D00018826 /* Factory */ = {
			isa = PBXGroup;
			children = (
				525F73BA2686270600018826 /* PlaceCellModelFactory.h */,
				525F73BB2686270600018826 /* PlaceCellModelFactory.m */,
			);
			path = Factory;
			sourceTree = "<group>";
		};
		52654E48268A61EF00017DB3 /* TicketScreen */ = {
			isa = PBXGroup;
			children = (
				52654E49268A692D00017DB3 /* Builder */,
				52654E4A268A696800017DB3 /* Presenter */,
				52654E4B268A699B00017DB3 /* View */,
			);
			path = TicketScreen;
			sourceTree = "<group>";
		};
		52654E49268A692D00017DB3 /* Builder */ = {
			isa = PBXGroup;
			children = (
				52654E59268A6A5A00017DB3 /* TicketViewBuilder.h */,
				52654E5A268A6A5A00017DB3 /* TicketViewBuilder.m */,
			);
			path = Builder;
			sourceTree = "<group>";
		};
		52654E4A268A696800017DB3 /* Presenter */ = {
			isa = PBXGroup;
			children = (
				52654E55268A6A3D00017DB3 /* TicketViewPresenter.h */,
				52654E56268A6A3D00017DB3 /* TicketViewPresenter.m */,
			);
			path = Presenter;
			sourceTree = "<group>";
		};
		52654E4B268A699B00017DB3 /* View */ = {
			isa = PBXGroup;
			children = (
				52654E4C268A69B500017DB3 /* Controller */,
				52654E62268A6B2400017DB3 /* Cell */,
			);
			path = View;
			sourceTree = "<group>";
		};
		52654E4C268A69B500017DB3 /* Controller */ = {
			isa = PBXGroup;
			children = (
				52654E63268A6B2D00017DB3 /* Factory */,
				52654E66268A6C0900017DB3 /* TicketTableViewController.h */,
				52654E67268A6C0900017DB3 /* TicketTableViewController.m */,
			);
			path = Controller;
			sourceTree = "<group>";
		};
		52654E62268A6B2400017DB3 /* Cell */ = {
			isa = PBXGroup;
			children = (
				52654E5E268A6B1D00017DB3 /* TicketTableViewCell.h */,
				52654E5F268A6B1D00017DB3 /* TicketTableViewCell.m */,
			);
			path = Cell;
			sourceTree = "<group>";
		};
		52654E63268A6B2D00017DB3 /* Factory */ = {
			isa = PBXGroup;
			children = (
				526681AD268B10FE00EF20AD /* TicketCellModelFactory.h */,
				526681AE268B10FE00EF20AD /* TicketCellModelFactory.m */,
			);
			path = Factory;
			sourceTree = "<group>";
		};
		52654E6A268A73C100017DB3 /* Ticket */ = {
			isa = PBXGroup;
			children = (
				52654E6B268A73DD00017DB3 /* Ticket.h */,
				52654E6C268A73DD00017DB3 /* Ticket.m */,
			);
			path = Ticket;
			sourceTree = "<group>";
		};
		526681B1268B570D00EF20AD /* ImageDownloader */ = {
			isa = PBXGroup;
			children = (
				526681B2268B572500EF20AD /* ImageDownloader.h */,
				526681B3268B572500EF20AD /* ImageDownloader.m */,
			);
			path = ImageDownloader;
			sourceTree = "<group>";
		};
		52B2196F267FAB19005EB7A1 /* Controller */ = {
			isa = PBXGroup;
			children = (
				52384337267F396400216B81 /* MainViewController.h */,
				52384338267F396400216B81 /* MainViewController.m */,
			);
			path = Controller;
			sourceTree = "<group>";
		};
		52B21974267FABBC005EB7A1 /* Builder */ = {
			isa = PBXGroup;
			children = (
				5242AEF92681193C000458F9 /* MainViewBuilder.h */,
				5242AEFA2681193C000458F9 /* MainViewBuilder.m */,
			);
			path = Builder;
			sourceTree = "<group>";
		};
		52B21975267FB87C005EB7A1 /* View */ = {
			isa = PBXGroup;
			children = (
				52B2196F267FAB19005EB7A1 /* Controller */,
				52B21970267FAB83005EB7A1 /* MainView.h */,
				52B21971267FAB83005EB7A1 /* MainView.m */,
			);
			path = View;
			sourceTree = "<group>";
		};
		52EBDD032684CD6300C426BD /* JSON */ = {
			isa = PBXGroup;
			children = (
				52EBDD052684CD9E00C426BD /* airports.json */,
				52EBDD042684CD9D00C426BD /* cities.json */,
				52EBDD062684CD9E00C426BD /* countries.json */,
			);
			path = JSON;
			sourceTree = "<group>";
		};
/* End PBXGroup section */

/* Begin PBXNativeTarget section */
		5238432D267F396400216B81 /* ticketSearch */ = {
			isa = PBXNativeTarget;
			buildConfigurationList = 52384347267F396500216B81 /* Build configuration list for PBXNativeTarget "ticketSearch" */;
			buildPhases = (
				5238432A267F396400216B81 /* Sources */,
				5238432B267F396400216B81 /* Frameworks */,
				5238432C267F396400216B81 /* Resources */,
			);
			buildRules = (
			);
			dependencies = (
			);
			name = ticketSearch;
			productName = ticketSearch;
			productReference = 5238432E267F396400216B81 /* ticketSearch.app */;
			productType = "com.apple.product-type.application";
		};
/* End PBXNativeTarget section */

/* Begin PBXProject section */
		52384326267F396400216B81 /* Project object */ = {
			isa = PBXProject;
			attributes = {
				LastUpgradeCheck = 1240;
				TargetAttributes = {
					5238432D267F396400216B81 = {
						CreatedOnToolsVersion = 12.4;
					};
				};
			};
			buildConfigurationList = 52384329267F396400216B81 /* Build configuration list for PBXProject "ticketSearch" */;
			compatibilityVersion = "Xcode 9.3";
			developmentRegion = en;
			hasScannedForEncodings = 0;
			knownRegions = (
				en,
				Base,
			);
			mainGroup = 52384325267F396400216B81;
			productRefGroup = 5238432F267F396400216B81 /* Products */;
			projectDirPath = "";
			projectRoot = "";
			targets = (
				5238432D267F396400216B81 /* ticketSearch */,
			);
		};
/* End PBXProject section */

/* Begin PBXResourcesBuildPhase section */
		5238432C267F396400216B81 /* Resources */ = {
			isa = PBXResourcesBuildPhase;
			buildActionMask = 2147483647;
			files = (
				52EBDD072684CD9E00C426BD /* cities.json in Resources */,
				52EBDD082684CD9E00C426BD /* airports.json in Resources */,
				52384341267F396500216B81 /* LaunchScreen.storyboard in Resources */,
				52EBDD092684CD9E00C426BD /* countries.json in Resources */,
				5238433E267F396500216B81 /* Assets.xcassets in Resources */,
			);
			runOnlyForDeploymentPostprocessing = 0;
		};
/* End PBXResourcesBuildPhase section */

/* Begin PBXSourcesBuildPhase section */
		5238432A267F396400216B81 /* Sources */ = {
			isa = PBXSourcesBuildPhase;
			buildActionMask = 2147483647;
			files = (
				525F73BC2686270600018826 /* PlaceCellModelFactory.m in Sources */,
				523D1D852688F67500C40B90 /* APIManager.m in Sources */,
				52297022267FCB76002B2765 /* PlaceView.m in Sources */,
				52384339267F396400216B81 /* MainViewController.m in Sources */,
				52384333267F396400216B81 /* AppDelegate.m in Sources */,
				520D183326835B520039C63A /* Country.m in Sources */,
				526681AF268B10FE00EF20AD /* TicketCellModelFactory.m in Sources */,
				520B4E0A268DFFA100136557 /* MapViewBuilder.m in Sources */,
				52384344267F396500216B81 /* main.m in Sources */,
				52297029267FCBD8002B2765 /* PlaceViewController.m in Sources */,
				520B4E0E268DFFB900136557 /* MapViewPresenter.m in Sources */,
				520B4E16268DFFE800136557 /* MapViewController.m in Sources */,
				520D183B268378E30039C63A /* Airport.m in Sources */,
				5242AEFF26812689000458F9 /* PlaceViewBuilder.m in Sources */,
				52384336267F396400216B81 /* SceneDelegate.m in Sources */,
				520B4E12268DFFD000136557 /* MapView.m in Sources */,
				5242AEF62681042C000458F9 /* MainViewPresenter.m in Sources */,
				5242AEFB2681193C000458F9 /* MainViewBuilder.m in Sources */,
				5238435D267F7EAB00216B81 /* AppStartManager.m in Sources */,
				52654E68268A6C0900017DB3 /* TicketTableViewController.m in Sources */,
				52654E60268A6B1D00017DB3 /* TicketTableViewCell.m in Sources */,
				52654E57268A6A3D00017DB3 /* TicketViewPresenter.m in Sources */,
				526681B4268B572500EF20AD /* ImageDownloader.m in Sources */,
				52B21972267FAB83005EB7A1 /* MainView.m in Sources */,
				52654E5B268A6A5A00017DB3 /* TicketViewBuilder.m in Sources */,
				520B4DFB268DE43600136557 /* MapPrice.m in Sources */,
				525F73B52686225200018826 /* PlaceTableViewCell.m in Sources */,
				520D1844268385F10039C63A /* DataManager.m in Sources */,
				520D1837268364AA0039C63A /* City.m in Sources */,
				5242AF042681271A000458F9 /* PlaceViewPresenter.m in Sources */,
				520B4E01268DF83300136557 /* LocationService.m in Sources */,
				52654E6D268A73DD00017DB3 /* Ticket.m in Sources */,
			);
			runOnlyForDeploymentPostprocessing = 0;
		};
/* End PBXSourcesBuildPhase section */

/* Begin PBXVariantGroup section */
		5238433F267F396500216B81 /* LaunchScreen.storyboard */ = {
			isa = PBXVariantGroup;
			children = (
				52384340267F396500216B81 /* Base */,
			);
			name = LaunchScreen.storyboard;
			sourceTree = "<group>";
		};
/* End PBXVariantGroup section */

/* Begin XCBuildConfiguration section */
		52384345267F396500216B81 /* Debug */ = {
			isa = XCBuildConfiguration;
			buildSettings = {
				ALWAYS_SEARCH_USER_PATHS = YES;
				CLANG_ANALYZER_NONNULL = YES;
				CLANG_ANALYZER_NUMBER_OBJECT_CONVERSION = YES_AGGRESSIVE;
				CLANG_CXX_LANGUAGE_STANDARD = "gnu++14";
				CLANG_CXX_LIBRARY = "libc++";
				CLANG_ENABLE_MODULES = YES;
				CLANG_ENABLE_OBJC_ARC = YES;
				CLANG_ENABLE_OBJC_WEAK = YES;
				CLANG_WARN_BLOCK_CAPTURE_AUTORELEASING = YES;
				CLANG_WARN_BOOL_CONVERSION = YES;
				CLANG_WARN_COMMA = YES;
				CLANG_WARN_CONSTANT_CONVERSION = YES;
				CLANG_WARN_DEPRECATED_OBJC_IMPLEMENTATIONS = YES;
				CLANG_WARN_DIRECT_OBJC_ISA_USAGE = YES_ERROR;
				CLANG_WARN_DOCUMENTATION_COMMENTS = YES;
				CLANG_WARN_EMPTY_BODY = YES;
				CLANG_WARN_ENUM_CONVERSION = YES;
				CLANG_WARN_INFINITE_RECURSION = YES;
				CLANG_WARN_INT_CONVERSION = YES;
				CLANG_WARN_NON_LITERAL_NULL_CONVERSION = YES;
				CLANG_WARN_OBJC_IMPLICIT_RETAIN_SELF = YES;
				CLANG_WARN_OBJC_LITERAL_CONVERSION = YES;
				CLANG_WARN_OBJC_ROOT_CLASS = YES_ERROR;
				CLANG_WARN_QUOTED_INCLUDE_IN_FRAMEWORK_HEADER = YES;
				CLANG_WARN_RANGE_LOOP_ANALYSIS = YES;
				CLANG_WARN_STRICT_PROTOTYPES = YES;
				CLANG_WARN_SUSPICIOUS_MOVE = YES;
				CLANG_WARN_UNGUARDED_AVAILABILITY = YES_AGGRESSIVE;
				CLANG_WARN_UNREACHABLE_CODE = YES;
				CLANG_WARN__DUPLICATE_METHOD_MATCH = YES;
				COPY_PHASE_STRIP = NO;
				DEBUG_INFORMATION_FORMAT = dwarf;
				ENABLE_STRICT_OBJC_MSGSEND = YES;
				ENABLE_TESTABILITY = YES;
				GCC_C_LANGUAGE_STANDARD = gnu11;
				GCC_DYNAMIC_NO_PIC = NO;
				GCC_NO_COMMON_BLOCKS = YES;
				GCC_OPTIMIZATION_LEVEL = 0;
				GCC_PREPROCESSOR_DEFINITIONS = (
					"DEBUG=1",
					"$(inherited)",
				);
				GCC_WARN_64_TO_32_BIT_CONVERSION = YES;
				GCC_WARN_ABOUT_RETURN_TYPE = YES_ERROR;
				GCC_WARN_UNDECLARED_SELECTOR = YES;
				GCC_WARN_UNINITIALIZED_AUTOS = YES_AGGRESSIVE;
				GCC_WARN_UNUSED_FUNCTION = YES;
				GCC_WARN_UNUSED_VARIABLE = YES;
				IPHONEOS_DEPLOYMENT_TARGET = 14.4;
				MTL_ENABLE_DEBUG_INFO = INCLUDE_SOURCE;
				MTL_FAST_MATH = YES;
				ONLY_ACTIVE_ARCH = YES;
				SDKROOT = iphoneos;
			};
			name = Debug;
		};
		52384346267F396500216B81 /* Release */ = {
			isa = XCBuildConfiguration;
			buildSettings = {
				ALWAYS_SEARCH_USER_PATHS = YES;
				CLANG_ANALYZER_NONNULL = YES;
				CLANG_ANALYZER_NUMBER_OBJECT_CONVERSION = YES_AGGRESSIVE;
				CLANG_CXX_LANGUAGE_STANDARD = "gnu++14";
				CLANG_CXX_LIBRARY = "libc++";
				CLANG_ENABLE_MODULES = YES;
				CLANG_ENABLE_OBJC_ARC = YES;
				CLANG_ENABLE_OBJC_WEAK = YES;
				CLANG_WARN_BLOCK_CAPTURE_AUTORELEASING = YES;
				CLANG_WARN_BOOL_CONVERSION = YES;
				CLANG_WARN_COMMA = YES;
				CLANG_WARN_CONSTANT_CONVERSION = YES;
				CLANG_WARN_DEPRECATED_OBJC_IMPLEMENTATIONS = YES;
				CLANG_WARN_DIRECT_OBJC_ISA_USAGE = YES_ERROR;
				CLANG_WARN_DOCUMENTATION_COMMENTS = YES;
				CLANG_WARN_EMPTY_BODY = YES;
				CLANG_WARN_ENUM_CONVERSION = YES;
				CLANG_WARN_INFINITE_RECURSION = YES;
				CLANG_WARN_INT_CONVERSION = YES;
				CLANG_WARN_NON_LITERAL_NULL_CONVERSION = YES;
				CLANG_WARN_OBJC_IMPLICIT_RETAIN_SELF = YES;
				CLANG_WARN_OBJC_LITERAL_CONVERSION = YES;
				CLANG_WARN_OBJC_ROOT_CLASS = YES_ERROR;
				CLANG_WARN_QUOTED_INCLUDE_IN_FRAMEWORK_HEADER = YES;
				CLANG_WARN_RANGE_LOOP_ANALYSIS = YES;
				CLANG_WARN_STRICT_PROTOTYPES = YES;
				CLANG_WARN_SUSPICIOUS_MOVE = YES;
				CLANG_WARN_UNGUARDED_AVAILABILITY = YES_AGGRESSIVE;
				CLANG_WARN_UNREACHABLE_CODE = YES;
				CLANG_WARN__DUPLICATE_METHOD_MATCH = YES;
				COPY_PHASE_STRIP = NO;
				DEBUG_INFORMATION_FORMAT = "dwarf-with-dsym";
				ENABLE_NS_ASSERTIONS = NO;
				ENABLE_STRICT_OBJC_MSGSEND = YES;
				GCC_C_LANGUAGE_STANDARD = gnu11;
				GCC_NO_COMMON_BLOCKS = YES;
				GCC_WARN_64_TO_32_BIT_CONVERSION = YES;
				GCC_WARN_ABOUT_RETURN_TYPE = YES_ERROR;
				GCC_WARN_UNDECLARED_SELECTOR = YES;
				GCC_WARN_UNINITIALIZED_AUTOS = YES_AGGRESSIVE;
				GCC_WARN_UNUSED_FUNCTION = YES;
				GCC_WARN_UNUSED_VARIABLE = YES;
				IPHONEOS_DEPLOYMENT_TARGET = 14.4;
				MTL_ENABLE_DEBUG_INFO = NO;
				MTL_FAST_MATH = YES;
				SDKROOT = iphoneos;
				VALIDATE_PRODUCT = YES;
			};
			name = Release;
		};
		52384348267F396500216B81 /* Debug */ = {
			isa = XCBuildConfiguration;
			buildSettings = {
				ASSETCATALOG_COMPILER_APPICON_NAME = AppIcon;
				ASSETCATALOG_COMPILER_GLOBAL_ACCENT_COLOR_NAME = AccentColor;
				CODE_SIGN_STYLE = Automatic;
				INFOPLIST_FILE = ticketSearch/Core/info.plist;
				LD_RUNPATH_SEARCH_PATHS = (
					"$(inherited)",
					"@executable_path/Frameworks",
				);
				PRODUCT_BUNDLE_IDENTIFIER = "GU-iOS-646.ticketSearch";
				PRODUCT_NAME = "$(TARGET_NAME)";
				TARGETED_DEVICE_FAMILY = "1,2";
			};
			name = Debug;
		};
		52384349267F396500216B81 /* Release */ = {
			isa = XCBuildConfiguration;
			buildSettings = {
				ASSETCATALOG_COMPILER_APPICON_NAME = AppIcon;
				ASSETCATALOG_COMPILER_GLOBAL_ACCENT_COLOR_NAME = AccentColor;
				CODE_SIGN_STYLE = Automatic;
				INFOPLIST_FILE = ticketSearch/Core/info.plist;
				LD_RUNPATH_SEARCH_PATHS = (
					"$(inherited)",
					"@executable_path/Frameworks",
				);
				PRODUCT_BUNDLE_IDENTIFIER = "GU-iOS-646.ticketSearch";
				PRODUCT_NAME = "$(TARGET_NAME)";
				TARGETED_DEVICE_FAMILY = "1,2";
			};
			name = Release;
		};
/* End XCBuildConfiguration section */

/* Begin XCConfigurationList section */
		52384329267F396400216B81 /* Build configuration list for PBXProject "ticketSearch" */ = {
			isa = XCConfigurationList;
			buildConfigurations = (
				52384345267F396500216B81 /* Debug */,
				52384346267F396500216B81 /* Release */,
			);
			defaultConfigurationIsVisible = 0;
			defaultConfigurationName = Release;
		};
		52384347267F396500216B81 /* Build configuration list for PBXNativeTarget "ticketSearch" */ = {
			isa = XCConfigurationList;
			buildConfigurations = (
				52384348267F396500216B81 /* Debug */,
				52384349267F396500216B81 /* Release */,
			);
			defaultConfigurationIsVisible = 0;
			defaultConfigurationName = Release;
		};
/* End XCConfigurationList section */
	};
	rootObject = 52384326267F396400216B81 /* Project object */;
}
